
Microsoft Visual Studio Solution File, Format Version 12.00
# Visual Studio 15
VisualStudioVersion = 15.0.26124.0
MinimumVisualStudioVersion = 15.0.26124.0
Project("{2150E333-8FDC-42A3-9474-1A3956D46DE8}") = "src", "src", "{2A084C0E-A9F9-4249-B1C4-EB08998820EF}"
EndProject
Project("{FAE04EC0-301F-11D3-BF4B-00C04F79EFBC}") = "Leetcode.Tests", "src\Leetcode.Tests\Leetcode.Tests.csproj", "{3B19AD00-5BDD-4B84-A2CC-43D17D82F026}"
EndProject
Project("{FAE04EC0-301F-11D3-BF4B-00C04F79EFBC}") = "LeetCodeSolutions", "src\LeetCodeSolutions\LeetCodeSolutions.csproj", "{7CD08D36-778A-4E8C-9E2A-CC28403739B6}"
EndProject
Global
	GlobalSection(SolutionConfigurationPlatforms) = preSolution
		Debug|Any CPU = Debug|Any CPU
		Debug|x64 = Debug|x64
		Debug|x86 = Debug|x86
		Release|Any CPU = Release|Any CPU
		Release|x64 = Release|x64
		Release|x86 = Release|x86
	EndGlobalSection
	GlobalSection(SolutionProperties) = preSolution
		HideSolutionNode = FALSE
	EndGlobalSection
	GlobalSection(ProjectConfigurationPlatforms) = postSolution
		{3B19AD00-5BDD-4B84-A2CC-43D17D82F026}.Debug|Any CPU.ActiveCfg = Debug|Any CPU
		{3B19AD00-5BDD-4B84-A2CC-43D17D82F026}.Debug|Any CPU.Build.0 = Debug|Any CPU
		{3B19AD00-5BDD-4B84-A2CC-43D17D82F026}.Debug|x64.ActiveCfg = Debug|Any CPU
		{3B19AD00-5BDD-4B84-A2CC-43D17D82F026}.Debug|x64.Build.0 = Debug|Any CPU
		{3B19AD00-5BDD-4B84-A2CC-43D17D82F026}.Debug|x86.ActiveCfg = Debug|Any CPU
		{3B19AD00-5BDD-4B84-A2CC-43D17D82F026}.Debug|x86.Build.0 = Debug|Any CPU
		{3B19AD00-5BDD-4B84-A2CC-43D17D82F026}.Release|Any CPU.ActiveCfg = Release|Any CPU
		{3B19AD00-5BDD-4B84-A2CC-43D17D82F026}.Release|Any CPU.Build.0 = Release|Any CPU
		{3B19AD00-5BDD-4B84-A2CC-43D17D82F026}.Release|x64.ActiveCfg = Release|Any CPU
		{3B19AD00-5BDD-4B84-A2CC-43D17D82F026}.Release|x64.Build.0 = Release|Any CPU
		{3B19AD00-5BDD-4B84-A2CC-43D17D82F026}.Release|x86.ActiveCfg = Release|Any CPU
		{3B19AD00-5BDD-4B84-A2CC-43D17D82F026}.Release|x86.Build.0 = Release|Any CPU
		{7CD08D36-778A-4E8C-9E2A-CC28403739B6}.Debug|Any CPU.ActiveCfg = Debug|Any CPU
		{7CD08D36-778A-4E8C-9E2A-CC28403739B6}.Debug|Any CPU.Build.0 = Debug|Any CPU
		{7CD08D36-778A-4E8C-9E2A-CC28403739B6}.Debug|x64.ActiveCfg = Debug|Any CPU
		{7CD08D36-778A-4E8C-9E2A-CC28403739B6}.Debug|x64.Build.0 = Debug|Any CPU
		{7CD08D36-778A-4E8C-9E2A-CC28403739B6}.Debug|x86.ActiveCfg = Debug|Any CPU
		{7CD08D36-778A-4E8C-9E2A-CC28403739B6}.Debug|x86.Build.0 = Debug|Any CPU
		{7CD08D36-778A-4E8C-9E2A-CC28403739B6}.Release|Any CPU.ActiveCfg = Release|Any CPU
		{7CD08D36-778A-4E8C-9E2A-CC28403739B6}.Release|Any CPU.Build.0 = Release|Any CPU
		{7CD08D36-778A-4E8C-9E2A-CC28403739B6}.Release|x64.ActiveCfg = Release|Any CPU
		{7CD08D36-778A-4E8C-9E2A-CC28403739B6}.Release|x64.Build.0 = Release|Any CPU
		{7CD08D36-778A-4E8C-9E2A-CC28403739B6}.Release|x86.ActiveCfg = Release|Any CPU
		{7CD08D36-778A-4E8C-9E2A-CC28403739B6}.Release|x86.Build.0 = Release|Any CPU
	EndGlobalSection
	GlobalSection(NestedProjects) = preSolution
		{3B19AD00-5BDD-4B84-A2CC-43D17D82F026} = {2A084C0E-A9F9-4249-B1C4-EB08998820EF}
		{7CD08D36-778A-4E8C-9E2A-CC28403739B6} = {2A084C0E-A9F9-4249-B1C4-EB08998820EF}
	EndGlobalSection
EndGlobal
